
Microsoft Visual Studio Solution File, Format Version 12.00
# Visual Studio Version 17
VisualStudioVersion = 17.4.33205.214
MinimumVisualStudioVersion = 10.0.40219.1
Project("{FAE04EC0-301F-11D3-BF4B-00C04F79EFBC}") = "DoctorsAppointment", "DoctorsAppointment\DoctorsAppointment.csproj", "{48851A6D-1338-4D35-8B49-C03DA4F9C5BC}"
EndProject
Project("{FAE04EC0-301F-11D3-BF4B-00C04F79EFBC}") = "UnitTestProject", "UnitTestProject\UnitTestProject.csproj", "{B0CB2FDD-1496-4F40-8CBB-085E8DDBEB64}"
EndProject
Global
	GlobalSection(SolutionConfigurationPlatforms) = preSolution
		Debug|Any CPU = Debug|Any CPU
		Release|Any CPU = Release|Any CPU
	EndGlobalSection
	GlobalSection(ProjectConfigurationPlatforms) = postSolution
		{48851A6D-1338-4D35-8B49-C03DA4F9C5BC}.Debug|Any CPU.ActiveCfg = Debug|Any CPU
		{48851A6D-1338-4D35-8B49-C03DA4F9C5BC}.Debug|Any CPU.Build.0 = Debug|Any CPU
		{48851A6D-1338-4D35-8B49-C03DA4F9C5BC}.Release|Any CPU.ActiveCfg = Release|Any CPU
		{48851A6D-1338-4D35-8B49-C03DA4F9C5BC}.Release|Any CPU.Build.0 = Release|Any CPU
		{B0CB2FDD-1496-4F40-8CBB-085E8DDBEB64}.Debug|Any CPU.ActiveCfg = Debug|Any CPU
		{B0CB2FDD-1496-4F40-8CBB-085E8DDBEB64}.Debug|Any CPU.Build.0 = Debug|Any CPU
		{B0CB2FDD-1496-4F40-8CBB-085E8DDBEB64}.Release|Any CPU.ActiveCfg = Release|Any CPU
		{B0CB2FDD-1496-4F40-8CBB-085E8DDBEB64}.Release|Any CPU.Build.0 = Release|Any CPU
	EndGlobalSection
	GlobalSection(SolutionProperties) = preSolution
		HideSolutionNode = FALSE
	EndGlobalSection
	GlobalSection(ExtensibilityGlobals) = postSolution
		SolutionGuid = {0D8D97BD-0EA2-4862-A0B0-EA9201324E80}
	EndGlobalSection
EndGlobal
